
Microsoft Visual Studio Solution File, Format Version 12.00
# Visual Studio Version 16
VisualStudioVersion = 16.0.32929.386
MinimumVisualStudioVersion = 10.0.40219.1
Project("{FAE04EC0-301F-11D3-BF4B-00C04F79EFBC}") = "fast_food_app", "fast_food_app\fast_food_app.csproj", "{2F72D72F-3739-4664-BA91-1C8F595D52CC}"
EndProject
Global
	GlobalSection(SolutionConfigurationPlatforms) = preSolution
		Debug|Any CPU = Debug|Any CPU
		Release|Any CPU = Release|Any CPU
	EndGlobalSection
	GlobalSection(ProjectConfigurationPlatforms) = postSolution
		{2F72D72F-3739-4664-BA91-1C8F595D52CC}.Debug|Any CPU.ActiveCfg = Debug|Any CPU
		{2F72D72F-3739-4664-BA91-1C8F595D52CC}.Debug|Any CPU.Build.0 = Debug|Any CPU
		{2F72D72F-3739-4664-BA91-1C8F595D52CC}.Release|Any CPU.ActiveCfg = Release|Any CPU
		{2F72D72F-3739-4664-BA91-1C8F595D52CC}.Release|Any CPU.Build.0 = Release|Any CPU
	EndGlobalSection
	GlobalSection(SolutionProperties) = preSolution
		HideSolutionNode = FALSE
	EndGlobalSection
	GlobalSection(ExtensibilityGlobals) = postSolution
		SolutionGuid = {14220C32-A7C1-4D85-A2FA-5C3DCE6DE86C}
	EndGlobalSection
EndGlobal
